PODS:
  - Alamofire (4.6.0)
  - AlamofireNetworkActivityIndicator (2.2.0):
    - Alamofire (~> 4.5)
  - ObjectMapper (3.1.0)
  - Realm (3.1.1):
    - Realm/Headers (= 3.1.1)
  - Realm/Headers (3.1.1)
  - RealmSwift (3.1.1):
    - Realm (= 3.1.1)
  - TableKit (2.5.0)

DEPENDENCIES:
  - Alamofire (~> 4.0)
  - AlamofireNetworkActivityIndicator (~> 2.0)
  - ObjectMapper
  - Realm
  - RealmSwift
  - TableKit

SPEC CHECKSUMS:
  Alamofire: f41a599bd63041760b26d393ec1069d9d7b917f4
  AlamofireNetworkActivityIndicator: 81e1630e7cfed22a4e4e82a174c59e651dc4f8ca
  ObjectMapper: 20505058f54e5c3ca69e1d6de9897d152a5369a6
  Realm: 42d1c38a5b1bbcc828b48a7ce702cb86fc68adf4
  RealmSwift: d31937ca6a6ee54acde64ec839523c0a3c04924b
  TableKit: 42d4dff2944f273cdeec2ef6352064eb6a9a355b

PODFILE CHECKSUM: 1e0351d37e5ed67c8ccce240d9616cc544503d6d

COCOAPODS: 1.4.0.beta.2
